GLM_RECIPE_URL=https://github.com/MiaAI-Lab/GLM-5.3-Flash-EXL3-2x-DGX-Sparks-TensorFold.git
GLM_RECIPE_COMMIT=cf28cc4f8038be322cdeda220c6f1c8ace8f27d1
GLM_RECIPE_TARGET_VERSION=main
GLM_RECIPE_TARGET_COMMIT=cf28cc4f8038be322cdeda220c6f1c8ace8f27d1
GLM_RECIPE_TARGET_TREE=69fd6b74f7a1c7e9c4ba591a4f82b7956f7682bf
GLM_RECIPE_TARGET_TENSORFOLD_VERSION=0.6.0
GLM_RECIPE_TARGET_IMAGE_REPO_DIGEST=sha256:14f15591eae5d6a540f09218d3852068962fe5381371bbfefe0e9194cd834529
GLM_RECIPE_TARGET_PATCHES=5e01f1bb74d8
GLM_MODEL_ID=Mia-AiLab/GLM-5.3-Flash-EXL3-TR3-4bpw
GLM_MODEL_REVISION=9eaebb7c4e96d983dcd538e18624622ba5b820a8
TENSORFOLD_IMAGE_NAME=tensorfold-glm53:v0.6.0-mia-v1.4
TENSORFOLD_IMAGE_ID=sha256:446a23697c7eba9e0434cb162b5389792c7a5ab0f2652173bf1e791e7fdb4c5d
TENSORFOLD_IMAGE_REPO_DIGEST=sha256:14f15591eae5d6a540f09218d3852068962fe5381371bbfefe0e9194cd834529
TENSORFOLD_LIVE_PACKAGE_VERSION=0.6.0
TENSORFOLD_PATCHES=5e01f1bb74d8
TENSORFOLD_URL=https://github.com/ashhart/TensorFold.git
TENSORFOLD_BASE_COMMIT=c4646171139ee8a3c38103eaa1699dad226ec12b
TENSORFOLD_LIVE_SOURCE_MANIFEST_SHA256=1d862bf28b2b7d7c426b8bb407db4073ec7c6342fa7beb9bd0af5428b2292abb
TENSORFOLD_LIVE_INSTALL_MANIFEST_SHA256=3eadf520505ab647eef92e1edce05bb498b82adb5f73364353ecb2461b040b17
TENSORFOLD_RESEARCH_MAIN=9356df5c424b0c36b7737e37873a6f968b08de79
TENSORFOLD_LATEST_RELEASE=0.6.3
TENSORFOLD_LATEST_RELEASE_COMMIT=9356df5c424b0c36b7737e37873a6f968b08de79
TENSORFOLD_MAC_PACKAGE_VERSION=0.6.3
TENSORFOLD_MAC_SOURCE_COMMIT=9356df5c424b0c36b7737e37873a6f968b08de79
TENSORFOLD_MAC_PATCHED_TREE_SHA256=72073174bce47f4f2f6e3f7b1f1824ae0e22e4fec46269c421334fa143baf573
GLM_RECIPE_TREE=69fd6b74f7a1c7e9c4ba591a4f82b7956f7682bf
GLM_MODEL_FILE_MANIFEST_SHA256=bba782e0ddcae45440e3fa595dd1e5bf6b7161bf559c94aaa72dfd6ce7b5ad78
MCDMA_URL=https://github.com/ashhart/MCDMA.git
MCDMA_COMMIT=e672c14ff9fc7b38994caf73025cf1588b4de74e
MIA_RESEARCH_MAIN=cf28cc4f8038be322cdeda220c6f1c8ace8f27d1
MCDMA_RESEARCH_MAIN=e672c14ff9fc7b38994caf73025cf1588b4de74e
OMLX_URL=https://github.com/jundot/omlx.git
OMLX_RESEARCH_MAIN=87460f4d50de79aef9b67e99e215c31f0a89b445
OMLX_MCDMA_FULL_PR=3870
OMLX_MCDMA_FULL_COMMIT=4bf933f39089bd011ef1471a277cd90661e6e909
OMLX_REMOTE_PREFILL_PR=3941
OMLX_REMOTE_PREFILL_COMMIT=2e22a041c61c1bed1bc2a5a10f054fbda58fb27d
