GLM_RECIPE_URL=https://github.com/MiaAI-Lab/GLM-5.3-Flash-EXL3-2x-DGX-Sparks-TensorFold.git
GLM_RECIPE_COMMIT=1576746a04983b6eded0551dbf22512ee9e95654
GLM_RECIPE_TARGET_VERSION=v1.5
GLM_RECIPE_TARGET_COMMIT=1576746a04983b6eded0551dbf22512ee9e95654
GLM_RECIPE_TARGET_TREE=29ab0f1f9eb994d719f4bb47070cd854dc9f4c8b
GLM_RECIPE_TARGET_TENSORFOLD_VERSION=0.6.0
GLM_RECIPE_TARGET_IMAGE_REPO_DIGEST=sha256:ef83797d791fef96c4605e8d37367aca6de5aeac7bb672792cb682e2e55d4237
GLM_RECIPE_TARGET_PATCHES=9f73cca659a1
GLM_RECIPE_TARGET_MODEL_ID=Mia-AiLab/GLM-5.3-Flash-EXL3-4bpw-TensorFold
GLM_RECIPE_TARGET_MODEL_REVISION=078455ffe6472f9a52fbc1139f58b9db2881b25c
GLM_RECIPE_TARGET_DFLASH2_ID=incoai/GLM-5.3-Flash-DFlash2
GLM_RECIPE_TARGET_DFLASH2_REVISION=bf582e4eacc1810f76656d1811693ff6c6737d2a
GLM_MODEL_ID=Mia-AiLab/GLM-5.3-Flash-EXL3-TR3-4bpw
GLM_MODEL_REVISION=9eaebb7c4e96d983dcd538e18624622ba5b820a8
TENSORFOLD_IMAGE_NAME=tensorfold-glm53:v0.6.0
TENSORFOLD_IMAGE_ID=sha256:e97db95dd4b3f9a5ebd6ddeafb8d7d422dda729cc01b33d7f5c6ecfcf9cf2aaf
TENSORFOLD_IMAGE_REPO_DIGEST=sha256:ef83797d791fef96c4605e8d37367aca6de5aeac7bb672792cb682e2e55d4237
TENSORFOLD_LIVE_PACKAGE_VERSION=0.6.0
TENSORFOLD_PATCHES=9f73cca659a1
TENSORFOLD_URL=https://github.com/ashhart/TensorFold.git
TENSORFOLD_BASE_COMMIT=c4646171139ee8a3c38103eaa1699dad226ec12b
TENSORFOLD_LIVE_SOURCE_MANIFEST_SHA256=1d862bf28b2b7d7c426b8bb407db4073ec7c6342fa7beb9bd0af5428b2292abb
TENSORFOLD_LIVE_INSTALL_MANIFEST_SHA256=3eadf520505ab647eef92e1edce05bb498b82adb5f73364353ecb2461b040b17
TENSORFOLD_RESEARCH_MAIN=609ca419abecebdc5a059498a613680bd3aa847f
TENSORFOLD_LATEST_RELEASE=0.6.5
TENSORFOLD_LATEST_RELEASE_COMMIT=609ca419abecebdc5a059498a613680bd3aa847f
TENSORFOLD_LATEST_RELEASE_GIT_TREE_SHA1=7b1cee8ad8439f9bdfe2ed0e83c1a3595507ba21
TENSORFOLD_LATEST_RELEASE_SOURCE_SHA256=9f9a21de1c79e76919186c439c12d608f76d602f130e50e8fdbf77133d2b87c7
TENSORFOLD_MAC_PACKAGE_VERSION=0.6.5
TENSORFOLD_MAC_SOURCE_COMMIT=609ca419abecebdc5a059498a613680bd3aa847f
TENSORFOLD_MAC_PATCHED_TREE_SHA256=58147488b2f9ba740e9ece1de9fb51d002bfbfeb47f348c5fee3a220b98ee251
GLM_RECIPE_TREE=69fd6b74f7a1c7e9c4ba591a4f82b7956f7682bf
GLM_MODEL_FILE_MANIFEST_SHA256=bba782e0ddcae45440e3fa595dd1e5bf6b7161bf559c94aaa72dfd6ce7b5ad78
MCDMA_URL=https://github.com/ashhart/MCDMA.git
MCDMA_COMMIT=e672c14ff9fc7b38994caf73025cf1588b4de74e
MIA_RESEARCH_MAIN=1576746a04983b6eded0551dbf22512ee9e95654
MIA_LATEST_RELEASE=1.5
MIA_LATEST_IMAGE_REPO_DIGEST=sha256:ef83797d791fef96c4605e8d37367aca6de5aeac7bb672792cb682e2e55d4237
SPARKDASH_URL=https://github.com/MiaAI-Lab/sparkDash.git
SPARKDASH_RESEARCH_MAIN=b4228a330a7877dcb5a30516500d57e26affa45a
TONYD2WILD_COOKBOOK_URL=https://github.com/tonyd2wild/GLM-5.3-DGX-Spark-Cookbook.git
TONYD2WILD_COOKBOOK_COMMIT=f72b0ddfd491c815027f9b56c82af4866f24e01b
MCDMA_RESEARCH_MAIN=e672c14ff9fc7b38994caf73025cf1588b4de74e
OMLX_URL=https://github.com/jundot/omlx.git
OMLX_RESEARCH_MAIN=87460f4d50de79aef9b67e99e215c31f0a89b445
OMLX_MCDMA_FULL_PR=3870
OMLX_MCDMA_FULL_COMMIT=4bf933f39089bd011ef1471a277cd90661e6e909
OMLX_REMOTE_PREFILL_PR=3941
OMLX_REMOTE_PREFILL_COMMIT=2e22a041c61c1bed1bc2a5a10f054fbda58fb27d
